
Microsoft Visual Studio Solution File, Format Version 12.00
# Visual Studio Version 16
VisualStudioVersion = 25.0.1704.1
MinimumVisualStudioVersion = 10.0.40219.1
Project("{FAE04EC0-301F-11D3-BF4B-00C04F79EFBC}") = "C Crash Course", "C Crash Course\C Crash Course.csproj", "{754D0584-D80D-4D2D-9EA4-0E01A3070250}"
EndProject
Global
	GlobalSection(SolutionConfigurationPlatforms) = preSolution
		Debug|Any CPU = Debug|Any CPU
		Release|Any CPU = Release|Any CPU
	EndGlobalSection
	GlobalSection(ProjectConfigurationPlatforms) = postSolution
		{754D0584-D80D-4D2D-9EA4-0E01A3070250}.Debug|Any CPU.ActiveCfg = Debug|Any CPU
		{754D0584-D80D-4D2D-9EA4-0E01A3070250}.Debug|Any CPU.Build.0 = Debug|Any CPU
		{754D0584-D80D-4D2D-9EA4-0E01A3070250}.Release|Any CPU.ActiveCfg = Release|Any CPU
		{754D0584-D80D-4D2D-9EA4-0E01A3070250}.Release|Any CPU.Build.0 = Release|Any CPU
	EndGlobalSection
	GlobalSection(SolutionProperties) = preSolution
		HideSolutionNode = FALSE
	EndGlobalSection
	GlobalSection(ExtensibilityGlobals) = postSolution
		SolutionGuid = {CF2F5F90-A786-429B-B925-9C2FA1AFE20F}
	EndGlobalSection
EndGlobal
